
Microsoft Visual Studio Solution File, Format Version 12.00
# Visual Studio Version 17
VisualStudioVersion = 17.1.32210.238
MinimumVisualStudioVersion = 10.0.40219.1
Project("{9A19103F-16F7-4668-BE54-9A1E7A4F7556}") = "Huading", "Huading.csproj", "{B1A1065D-C0A3-4B96-80D1-A6F99DF87FDF}"
EndProject
Global
	GlobalSection(SolutionConfigurationPlatforms) = preSolution
		Debug|Any CPU = Debug|Any CPU
		Release|Any CPU = Release|Any CPU
	EndGlobalSection
	GlobalSection(ProjectConfigurationPlatforms) = postSolution
		{B1A1065D-C0A3-4B96-80D1-A6F99DF87FDF}.Debug|Any CPU.ActiveCfg = Debug|Any CPU
		{B1A1065D-C0A3-4B96-80D1-A6F99DF87FDF}.Debug|Any CPU.Build.0 = Debug|Any CPU
		{B1A1065D-C0A3-4B96-80D1-A6F99DF87FDF}.Release|Any CPU.ActiveCfg = Release|Any CPU
		{B1A1065D-C0A3-4B96-80D1-A6F99DF87FDF}.Release|Any CPU.Build.0 = Release|Any CPU
	EndGlobalSection
	GlobalSection(SolutionProperties) = preSolution
		HideSolutionNode = FALSE
	EndGlobalSection
	GlobalSection(ExtensibilityGlobals) = postSolution
		SolutionGuid = {D4D02B06-EE08-4E2D-B0D0-319828A67B0C}
	EndGlobalSection
EndGlobal
